PODS:
  - DynamicBlurView (4.0.0)
  - FRadioPlayer (0.1.10)
  - SwiftSoup (1.7.4)

DEPENDENCIES:
  - DynamicBlurView
  - FRadioPlayer
  - SwiftSoup (~> 1.7.4)

SPEC REPOS:
  trunk:
    - DynamicBlurView
    - FRadioPlayer
    - SwiftSoup

SPEC CHECKSUMS:
  DynamicBlurView: ccf9acd2b20c883cc2c72e3524a04d8d3ee20533
  FRadioPlayer: f803d7b2ad83d5ccbc988ab88d490f4e6489e1fa
  SwiftSoup: 92f5b348c131aed8af04f4326db1579ab19fa08c

PODFILE CHECKSUM: 06d7cf9075b5e6056dfc607fc13aa9c08cbf7dd6

COCOAPODS: 1.8.4
