// !$*UTF8*$!
{
	archiveVersion = 1;
	classes = {
	};
	objectVersion = 50;
	objects = {

/* Begin PBXBuildFile section */
		EB77D73A22A7D7B200BEA162 /* stations.json in Resources */ = {isa = PBXBuildFile; fileRef = EB77D73922A7D7B200BEA162 /* stations.json */; };
		EB77D73C22A7DA9800BEA162 /* DataManager.swift in Sources */ = {isa = PBXBuildFile; fileRef = EB77D73B22A7DA9800BEA162 /* DataManager.swift */; };
		EB77D73E22A7DB2600BEA162 /* RadioStation.swift in Sources */ = {isa = PBXBuildFile; fileRef = EB77D73D22A7DB2600BEA162 /* RadioStation.swift */; };
		EB77D74022A7FF9500BEA162 /* RadioPlayer.swift in Sources */ = {isa = PBXBuildFile; fileRef = EB77D73F22A7FF9500BEA162 /* RadioPlayer.swift */; };
		EBDF28452571B98200DEBE28 /* NowPlaying.swift in Sources */ = {isa = PBXBuildFile; fileRef = EBDF28442571B98200DEBE28 /* NowPlaying.swift */; };
		EBDF28482571BA2500DEBE28 /* ORBTrack.swift in Sources */ = {isa = PBXBuildFile; fileRef = EBDF28472571BA2500DEBE28 /* ORBTrack.swift */; };
		EBDF284B2571BAAB00DEBE28 /* Track.swift in Sources */ = {isa = PBXBuildFile; fileRef = EBDF284A2571BAAB00DEBE28 /* Track.swift */; };
		EBDF284E2571BABD00DEBE28 /* ITunesAPI.swift in Sources */ = {isa = PBXBuildFile; fileRef = EBDF284D2571BABD00DEBE28 /* ITunesAPI.swift */; };
		EBF9E88122A6FF8500CB3606 /* AppDelegate.swift in Sources */ = {isa = PBXBuildFile; fileRef = EBF9E88022A6FF8500CB3606 /* AppDelegate.swift */; };
		EBF9E88322A6FF8500CB3606 /* ViewController.swift in Sources */ = {isa = PBXBuildFile; fileRef = EBF9E88222A6FF8500CB3606 /* ViewController.swift */; };
		EBF9E88622A6FF8500CB3606 /* Main.storyboard in Resources */ = {isa = PBXBuildFile; fileRef = EBF9E88422A6FF8500CB3606 /* Main.storyboard */; };
		EBF9E88822A6FF8600CB3606 /* Assets.xcassets in Resources */ = {isa = PBXBuildFile; fileRef = EBF9E88722A6FF8600CB3606 /* Assets.xcassets */; };
		EBF9E88B22A6FF8600CB3606 /* LaunchScreen.storyboard in Resources */ = {isa = PBXBuildFile; fileRef = EBF9E88922A6FF8600CB3606 /* LaunchScreen.storyboard */; };
/* End PBXBuildFile section */

/* Begin PBXFileReference section */
		EB77D73922A7D7B200BEA162 /* stations.json */ = {isa = PBXFileReference; lastKnownFileType = text.json; path = stations.json; sourceTree = "<group>"; };
		EB77D73B22A7DA9800BEA162 /* DataManager.swift */ = {isa = PBXFileReference; fileEncoding = 4; lastKnownFileType = sourcecode.swift; path = DataManager.swift; sourceTree = "<group>"; };
		EB77D73D22A7DB2600BEA162 /* RadioStation.swift */ = {isa = PBXFileReference; fileEncoding = 4; lastKnownFileType = sourcecode.swift; path = RadioStation.swift; sourceTree = "<group>"; };
		EB77D73F22A7FF9500BEA162 /* RadioPlayer.swift */ = {isa = PBXFileReference; lastKnownFileType = sourcecode.swift; path = RadioPlayer.swift; sourceTree = "<group>"; };
		EBDF28442571B98200DEBE28 /* NowPlaying.swift */ = {isa = PBXFileReference; lastKnownFileType = sourcecode.swift; path = NowPlaying.swift; sourceTree = "<group>"; };
		EBDF28472571BA2500DEBE28 /* ORBTrack.swift */ = {isa = PBXFileReference; lastKnownFileType = sourcecode.swift; path = ORBTrack.swift; sourceTree = "<group>"; };
		EBDF284A2571BAAB00DEBE28 /* Track.swift */ = {isa = PBXFileReference; lastKnownFileType = sourcecode.swift; path = Track.swift; sourceTree = "<group>"; };
		EBDF284D2571BABD00DEBE28 /* ITunesAPI.swift */ = {isa = PBXFileReference; lastKnownFileType = sourcecode.swift; path = ITunesAPI.swift; sourceTree = "<group>"; };
		EBF9E87D22A6FF8500CB3606 /* KitchenRadio.app */ = {isa = PBXFileReference; explicitFileType = wrapper.application; includeInIndex = 0; path = KitchenRadio.app; sourceTree = BUILT_PRODUCTS_DIR; };
		EBF9E88022A6FF8500CB3606 /* AppDelegate.swift */ = {isa = PBXFileReference; lastKnownFileType = sourcecode.swift; path = AppDelegate.swift; sourceTree = "<group>"; };
		EBF9E88222A6FF8500CB3606 /* ViewController.swift */ = {isa = PBXFileReference; lastKnownFileType = sourcecode.swift; path = ViewController.swift; sourceTree = "<group>"; };
		EBF9E88522A6FF8500CB3606 /* Base */ = {isa = PBXFileReference; lastKnownFileType = file.storyboard; name = Base; path = Base.lproj/Main.storyboard; sourceTree = "<group>"; };
		EBF9E88722A6FF8600CB3606 /* Assets.xcassets */ = {isa = PBXFileReference; lastKnownFileType = folder.assetcatalog; path = Assets.xcassets; sourceTree = "<group>"; };
		EBF9E88A22A6FF8600CB3606 /* Base */ = {isa = PBXFileReference; lastKnownFileType = file.storyboard; name = Base; path = Base.lproj/LaunchScreen.storyboard; sourceTree = "<group>"; };
		EBF9E88C22A6FF8600CB3606 /* Info.plist */ = {isa = PBXFileReference; lastKnownFileType = text.plist.xml; path = Info.plist; sourceTree = "<group>"; };
/* End PBXFileReference section */

/* Begin PBXFrameworksBuildPhase section */
		EBF9E87A22A6FF8500CB3606 /* Frameworks */ = {
			isa = PBXFrameworksBuildPhase;
			buildActionMask = 2147483647;
			files = (
			);
			runOnlyForDeploymentPostprocessing = 0;
		};
/* End PBXFrameworksBuildPhase section */

/* Begin PBXGroup section */
		EBF9E87422A6FF8500CB3606 = {
			isa = PBXGroup;
			children = (
				EBF9E87F22A6FF8500CB3606 /* KitchenRadio */,
				EBF9E87E22A6FF8500CB3606 /* Products */,
			);
			sourceTree = "<group>";
		};
		EBF9E87E22A6FF8500CB3606 /* Products */ = {
			isa = PBXGroup;
			children = (
				EBF9E87D22A6FF8500CB3606 /* KitchenRadio.app */,
			);
			name = Products;
			sourceTree = "<group>";
		};
		EBF9E87F22A6FF8500CB3606 /* KitchenRadio */ = {
			isa = PBXGroup;
			children = (
				EB77D73B22A7DA9800BEA162 /* DataManager.swift */,
				EB77D73D22A7DB2600BEA162 /* RadioStation.swift */,
				EB77D73F22A7FF9500BEA162 /* RadioPlayer.swift */,
				EBF9E88022A6FF8500CB3606 /* AppDelegate.swift */,
				EBF9E88222A6FF8500CB3606 /* ViewController.swift */,
				EBF9E88422A6FF8500CB3606 /* Main.storyboard */,
				EBF9E88722A6FF8600CB3606 /* Assets.xcassets */,
				EBF9E88922A6FF8600CB3606 /* LaunchScreen.storyboard */,
				EBF9E88C22A6FF8600CB3606 /* Info.plist */,
				EB77D73922A7D7B200BEA162 /* stations.json */,
				EBDF28442571B98200DEBE28 /* NowPlaying.swift */,
				EBDF28472571BA2500DEBE28 /* ORBTrack.swift */,
				EBDF284A2571BAAB00DEBE28 /* Track.swift */,
				EBDF284D2571BABD00DEBE28 /* ITunesAPI.swift */,
			);
			path = KitchenRadio;
			sourceTree = "<group>";
		};
/* End PBXGroup section */

/* Begin PBXNativeTarget section */
		EBF9E87C22A6FF8500CB3606 /* KitchenRadio */ = {
			isa = PBXNativeTarget;
			buildConfigurationList = EBF9E88F22A6FF8600CB3606 /* Build configuration list for PBXNativeTarget "KitchenRadio" */;
			buildPhases = (
				EBF9E87922A6FF8500CB3606 /* Sources */,
				EBF9E87A22A6FF8500CB3606 /* Frameworks */,
				EBF9E87B22A6FF8500CB3606 /* Resources */,
			);
			buildRules = (
			);
			dependencies = (
			);
			name = KitchenRadio;
			productName = KitchenRadio;
			productReference = EBF9E87D22A6FF8500CB3606 /* KitchenRadio.app */;
			productType = "com.apple.product-type.application";
		};
/* End PBXNativeTarget section */

/* Begin PBXProject section */
		EBF9E87522A6FF8500CB3606 /* Project object */ = {
			isa = PBXProject;
			attributes = {
				LastSwiftUpdateCheck = 1020;
				LastUpgradeCheck = 1020;
				ORGANIZATIONNAME = "Edi Begovic";
				TargetAttributes = {
					EBF9E87C22A6FF8500CB3606 = {
						CreatedOnToolsVersion = 10.2.1;
					};
				};
			};
			buildConfigurationList = EBF9E87822A6FF8500CB3606 /* Build configuration list for PBXProject "KitchenRadio" */;
			compatibilityVersion = "Xcode 9.3";
			developmentRegion = en;
			hasScannedForEncodings = 0;
			knownRegions = (
				en,
				Base,
			);
			mainGroup = EBF9E87422A6FF8500CB3606;
			productRefGroup = EBF9E87E22A6FF8500CB3606 /* Products */;
			projectDirPath = "";
			projectRoot = "";
			targets = (
				EBF9E87C22A6FF8500CB3606 /* KitchenRadio */,
			);
		};
/* End PBXProject section */

/* Begin PBXResourcesBuildPhase section */
		EBF9E87B22A6FF8500CB3606 /* Resources */ = {
			isa = PBXResourcesBuildPhase;
			buildActionMask = 2147483647;
			files = (
				EBF9E88B22A6FF8600CB3606 /* LaunchScreen.storyboard in Resources */,
				EBF9E88822A6FF8600CB3606 /* Assets.xcassets in Resources */,
				EBF9E88622A6FF8500CB3606 /* Main.storyboard in Resources */,
				EB77D73A22A7D7B200BEA162 /* stations.json in Resources */,
			);
			runOnlyForDeploymentPostprocessing = 0;
		};
/* End PBXResourcesBuildPhase section */

/* Begin PBXSourcesBuildPhase section */
		EBF9E87922A6FF8500CB3606 /* Sources */ = {
			isa = PBXSourcesBuildPhase;
			buildActionMask = 2147483647;
			files = (
				EBDF284E2571BABD00DEBE28 /* ITunesAPI.swift in Sources */,
				EBF9E88322A6FF8500CB3606 /* ViewController.swift in Sources */,
				EB77D73C22A7DA9800BEA162 /* DataManager.swift in Sources */,
				EB77D73E22A7DB2600BEA162 /* RadioStation.swift in Sources */,
				EBDF284B2571BAAB00DEBE28 /* Track.swift in Sources */,
				EBF9E88122A6FF8500CB3606 /* AppDelegate.swift in Sources */,
				EB77D74022A7FF9500BEA162 /* RadioPlayer.swift in Sources */,
				EBDF28452571B98200DEBE28 /* NowPlaying.swift in Sources */,
				EBDF28482571BA2500DEBE28 /* ORBTrack.swift in Sources */,
			);
			runOnlyForDeploymentPostprocessing = 0;
		};
/* End PBXSourcesBuildPhase section */

/* Begin PBXVariantGroup section */
		EBF9E88422A6FF8500CB3606 /* Main.storyboard */ = {
			isa = PBXVariantGroup;
			children = (
				EBF9E88522A6FF8500CB3606 /* Base */,
			);
			name = Main.storyboard;
			sourceTree = "<group>";
		};
		EBF9E88922A6FF8600CB3606 /* LaunchScreen.storyboard */ = {
			isa = PBXVariantGroup;
			children = (
				EBF9E88A22A6FF8600CB3606 /* Base */,
			);
			name = LaunchScreen.storyboard;
			sourceTree = "<group>";
		};
/* End PBXVariantGroup section */

/* Begin XCBuildConfiguration section */
		EBF9E88D22A6FF8600CB3606 /* Debug */ = {
			isa = XCBuildConfiguration;
			buildSettings = {
				ALWAYS_SEARCH_USER_PATHS = NO;
				CLANG_ANALYZER_NONNULL = YES;
				CLANG_ANALYZER_NUMBER_OBJECT_CONVERSION = YES_AGGRESSIVE;
				CLANG_CXX_LANGUAGE_STANDARD = "gnu++14";
				CLANG_CXX_LIBRARY = "libc++";
				CLANG_ENABLE_MODULES = YES;
				CLANG_ENABLE_OBJC_ARC = YES;
				CLANG_ENABLE_OBJC_WEAK = YES;
				CLANG_WARN_BLOCK_CAPTURE_AUTORELEASING = YES;
				CLANG_WARN_BOOL_CONVERSION = YES;
				CLANG_WARN_COMMA = YES;
				CLANG_WARN_CONSTANT_CONVERSION = YES;
				CLANG_WARN_DEPRECATED_OBJC_IMPLEMENTATIONS = YES;
				CLANG_WARN_DIRECT_OBJC_ISA_USAGE = YES_ERROR;
				CLANG_WARN_DOCUMENTATION_COMMENTS = YES;
				CLANG_WARN_EMPTY_BODY = YES;
				CLANG_WARN_ENUM_CONVERSION = YES;
				CLANG_WARN_INFINITE_RECURSION = YES;
				CLANG_WARN_INT_CONVERSION = YES;
				CLANG_WARN_NON_LITERAL_NULL_CONVERSION = YES;
				CLANG_WARN_OBJC_IMPLICIT_RETAIN_SELF = YES;
				CLANG_WARN_OBJC_LITERAL_CONVERSION = YES;
				CLANG_WARN_OBJC_ROOT_CLASS = YES_ERROR;
				CLANG_WARN_RANGE_LOOP_ANALYSIS = YES;
				CLANG_WARN_STRICT_PROTOTYPES = YES;
				CLANG_WARN_SUSPICIOUS_MOVE = YES;
				CLANG_WARN_UNGUARDED_AVAILABILITY = YES_AGGRESSIVE;
				CLANG_WARN_UNREACHABLE_CODE = YES;
				CLANG_WARN__DUPLICATE_METHOD_MATCH = YES;
				CODE_SIGN_IDENTITY = "iPhone Developer";
				COPY_PHASE_STRIP = NO;
				DEBUG_INFORMATION_FORMAT = dwarf;
				ENABLE_STRICT_OBJC_MSGSEND = YES;
				ENABLE_TESTABILITY = YES;
				GCC_C_LANGUAGE_STANDARD = gnu11;
				GCC_DYNAMIC_NO_PIC = NO;
				GCC_NO_COMMON_BLOCKS = YES;
				GCC_OPTIMIZATION_LEVEL = 0;
				GCC_PREPROCESSOR_DEFINITIONS = (
					"DEBUG=1",
					"$(inherited)",
				);
				GCC_WARN_64_TO_32_BIT_CONVERSION = YES;
				GCC_WARN_ABOUT_RETURN_TYPE = YES_ERROR;
				GCC_WARN_UNDECLARED_SELECTOR = YES;
				GCC_WARN_UNINITIALIZED_AUTOS = YES_AGGRESSIVE;
				GCC_WARN_UNUSED_FUNCTION = YES;
				GCC_WARN_UNUSED_VARIABLE = YES;
				IPHONEOS_DEPLOYMENT_TARGET = 12.2;
				MTL_ENABLE_DEBUG_INFO = INCLUDE_SOURCE;
				MTL_FAST_MATH = YES;
				ONLY_ACTIVE_ARCH = YES;
				SDKROOT = iphoneos;
				SWIFT_ACTIVE_COMPILATION_CONDITIONS = DEBUG;
				SWIFT_OPTIMIZATION_LEVEL = "-Onone";
			};
			name = Debug;
		};
		EBF9E88E22A6FF8600CB3606 /* Release */ = {
			isa = XCBuildConfiguration;
			buildSettings = {
				ALWAYS_SEARCH_USER_PATHS = NO;
				CLANG_ANALYZER_NONNULL = YES;
				CLANG_ANALYZER_NUMBER_OBJECT_CONVERSION = YES_AGGRESSIVE;
				CLANG_CXX_LANGUAGE_STANDARD = "gnu++14";
				CLANG_CXX_LIBRARY = "libc++";
				CLANG_ENABLE_MODULES = YES;
				CLANG_ENABLE_OBJC_ARC = YES;
				CLANG_ENABLE_OBJC_WEAK = YES;
				CLANG_WARN_BLOCK_CAPTURE_AUTORELEASING = YES;
				CLANG_WARN_BOOL_CONVERSION = YES;
				CLANG_WARN_COMMA = YES;
				CLANG_WARN_CONSTANT_CONVERSION = YES;
				CLANG_WARN_DEPRECATED_OBJC_IMPLEMENTATIONS = YES;
				CLANG_WARN_DIRECT_OBJC_ISA_USAGE = YES_ERROR;
				CLANG_WARN_DOCUMENTATION_COMMENTS = YES;
				CLANG_WARN_EMPTY_BODY = YES;
				CLANG_WARN_ENUM_CONVERSION = YES;
				CLANG_WARN_INFINITE_RECURSION = YES;
				CLANG_WARN_INT_CONVERSION = YES;
				CLANG_WARN_NON_LITERAL_NULL_CONVERSION = YES;
				CLANG_WARN_OBJC_IMPLICIT_RETAIN_SELF = YES;
				CLANG_WARN_OBJC_LITERAL_CONVERSION = YES;
				CLANG_WARN_OBJC_ROOT_CLASS = YES_ERROR;
				CLANG_WARN_RANGE_LOOP_ANALYSIS = YES;
				CLANG_WARN_STRICT_PROTOTYPES = YES;
				CLANG_WARN_SUSPICIOUS_MOVE = YES;
				CLANG_WARN_UNGUARDED_AVAILABILITY = YES_AGGRESSIVE;
				CLANG_WARN_UNREACHABLE_CODE = YES;
				CLANG_WARN__DUPLICATE_METHOD_MATCH = YES;
				CODE_SIGN_IDENTITY = "iPhone Developer";
				COPY_PHASE_STRIP = NO;
				DEBUG_INFORMATION_FORMAT = "dwarf-with-dsym";
				ENABLE_NS_ASSERTIONS = NO;
				ENABLE_STRICT_OBJC_MSGSEND = YES;
				GCC_C_LANGUAGE_STANDARD = gnu11;
				GCC_NO_COMMON_BLOCKS = YES;
				GCC_WARN_64_TO_32_BIT_CONVERSION = YES;
				GCC_WARN_ABOUT_RETURN_TYPE = YES_ERROR;
				GCC_WARN_UNDECLARED_SELECTOR = YES;
				GCC_WARN_UNINITIALIZED_AUTOS = YES_AGGRESSIVE;
				GCC_WARN_UNUSED_FUNCTION = YES;
				GCC_WARN_UNUSED_VARIABLE = YES;
				IPHONEOS_DEPLOYMENT_TARGET = 12.2;
				MTL_ENABLE_DEBUG_INFO = NO;
				MTL_FAST_MATH = YES;
				SDKROOT = iphoneos;
				SWIFT_COMPILATION_MODE = wholemodule;
				SWIFT_OPTIMIZATION_LEVEL = "-O";
				VALIDATE_PRODUCT = YES;
			};
			name = Release;
		};
		EBF9E89022A6FF8600CB3606 /* Debug */ = {
			isa = XCBuildConfiguration;
			buildSettings = {
				ASSETCATALOG_COMPILER_APPICON_NAME = AppIcon;
				CODE_SIGN_STYLE = Automatic;
				DEVELOPMENT_TEAM = Y894SWQNFC;
				INFOPLIST_FILE = KitchenRadio/Info.plist;
				IPHONEOS_DEPLOYMENT_TARGET = 9.3;
				LD_RUNPATH_SEARCH_PATHS = (
					"$(inherited)",
					"@executable_path/Frameworks",
				);
				PRODUCT_BUNDLE_IDENTIFIER = edbe.KitchenRadio;
				PRODUCT_NAME = "$(TARGET_NAME)";
				SWIFT_VERSION = 5.0;
				TARGETED_DEVICE_FAMILY = "1,2";
			};
			name = Debug;
		};
		EBF9E89122A6FF8600CB3606 /* Release */ = {
			isa = XCBuildConfiguration;
			buildSettings = {
				ASSETCATALOG_COMPILER_APPICON_NAME = AppIcon;
				CODE_SIGN_STYLE = Automatic;
				DEVELOPMENT_TEAM = Y894SWQNFC;
				INFOPLIST_FILE = KitchenRadio/Info.plist;
				IPHONEOS_DEPLOYMENT_TARGET = 9.3;
				LD_RUNPATH_SEARCH_PATHS = (
					"$(inherited)",
					"@executable_path/Frameworks",
				);
				PRODUCT_BUNDLE_IDENTIFIER = edbe.KitchenRadio;
				PRODUCT_NAME = "$(TARGET_NAME)";
				SWIFT_VERSION = 5.0;
				TARGETED_DEVICE_FAMILY = "1,2";
			};
			name = Release;
		};
/* End XCBuildConfiguration section */

/* Begin XCConfigurationList section */
		EBF9E87822A6FF8500CB3606 /* Build configuration list for PBXProject "KitchenRadio" */ = {
			isa = XCConfigurationList;
			buildConfigurations = (
				EBF9E88D22A6FF8600CB3606 /* Debug */,
				EBF9E88E22A6FF8600CB3606 /* Release */,
			);
			defaultConfigurationIsVisible = 0;
			defaultConfigurationName = Release;
		};
		EBF9E88F22A6FF8600CB3606 /* Build configuration list for PBXNativeTarget "KitchenRadio" */ = {
			isa = XCConfigurationList;
			buildConfigurations = (
				EBF9E89022A6FF8600CB3606 /* Debug */,
				EBF9E89122A6FF8600CB3606 /* Release */,
			);
			defaultConfigurationIsVisible = 0;
			defaultConfigurationName = Release;
		};
/* End XCConfigurationList section */
	};
	rootObject = EBF9E87522A6FF8500CB3606 /* Project object */;
}
